
Microsoft Visual Studio Solution File, Format Version 12.00
# Visual Studio Version 16
VisualStudioVersion = 16.0.29709.97
MinimumVisualStudioVersion = 10.0.40219.1
Project("{FAE04EC0-301F-11D3-BF4B-00C04F79EFBC}") = "CodeSharpenerCryptoAnalyzer", "CodeSharpenerCryptoAnalyzer\CodeSharpenerCryptoAnalyzer\CodeSharpenerCryptoAnalyzer.csproj", "{5CC8DFA9-201E-41B2-9F0D-446939C4C1C6}"
EndProject
Project("{FAE04EC0-301F-11D3-BF4B-00C04F79EFBC}") = "CodeSharpenerCryptoAnalyzer.Test", "CodeSharpenerCryptoAnalyzer\CodeSharpenerCryptoAnalyzer.Test\CodeSharpenerCryptoAnalyzer.Test.csproj", "{19C309B1-D904-4DAF-882A-84511D48C732}"
EndProject
Project("{FAE04EC0-301F-11D3-BF4B-00C04F79EFBC}") = "CodeSharpenerCryptoAnalyzer.Vsix", "CodeSharpenerCryptoAnalyzer\CodeSharpenerCryptoAnalyzer.Vsix\CodeSharpenerCryptoAnalyzer.Vsix.csproj", "{F83F44B5-189F-4831-804F-B614AE71B1C8}"
EndProject
Project("{FAE04EC0-301F-11D3-BF4B-00C04F79EFBC}") = "CodeSharpenerCryptoAnalzer.Common", "CodeSharpenerCryptoAnalzer.Common\CodeSharpenerCryptoAnalzer.Common.csproj", "{52F0F115-C8F2-4376-956C-A4C9644F6E49}"
EndProject
Project("{FAE04EC0-301F-11D3-BF4B-00C04F79EFBC}") = "CodeSharpenerCryptoAnalyzer.CryslBuilder", "CodeSharpenerCryptoAnalyzer.CryslBuilder\CodeSharpenerCryptoAnalyzer.CryslBuilder.csproj", "{38FBECA6-8EA6-4D33-ACB4-3BDEED1D0E0D}"
EndProject
Global
	GlobalSection(SolutionConfigurationPlatforms) = preSolution
		Debug|Any CPU = Debug|Any CPU
		Release|Any CPU = Release|Any CPU
	EndGlobalSection
	GlobalSection(ProjectConfigurationPlatforms) = postSolution
		{5CC8DFA9-201E-41B2-9F0D-446939C4C1C6}.Debug|Any CPU.ActiveCfg = Debug|Any CPU
		{5CC8DFA9-201E-41B2-9F0D-446939C4C1C6}.Debug|Any CPU.Build.0 = Debug|Any CPU
		{5CC8DFA9-201E-41B2-9F0D-446939C4C1C6}.Release|Any CPU.ActiveCfg = Release|Any CPU
		{5CC8DFA9-201E-41B2-9F0D-446939C4C1C6}.Release|Any CPU.Build.0 = Release|Any CPU
		{19C309B1-D904-4DAF-882A-84511D48C732}.Debug|Any CPU.ActiveCfg = Debug|Any CPU
		{19C309B1-D904-4DAF-882A-84511D48C732}.Debug|Any CPU.Build.0 = Debug|Any CPU
		{19C309B1-D904-4DAF-882A-84511D48C732}.Release|Any CPU.ActiveCfg = Release|Any CPU
		{19C309B1-D904-4DAF-882A-84511D48C732}.Release|Any CPU.Build.0 = Release|Any CPU
		{F83F44B5-189F-4831-804F-B614AE71B1C8}.Debug|Any CPU.ActiveCfg = Debug|Any CPU
		{F83F44B5-189F-4831-804F-B614AE71B1C8}.Debug|Any CPU.Build.0 = Debug|Any CPU
		{F83F44B5-189F-4831-804F-B614AE71B1C8}.Release|Any CPU.ActiveCfg = Release|Any CPU
		{F83F44B5-189F-4831-804F-B614AE71B1C8}.Release|Any CPU.Build.0 = Release|Any CPU
		{52F0F115-C8F2-4376-956C-A4C9644F6E49}.Debug|Any CPU.ActiveCfg = Debug|Any CPU
		{52F0F115-C8F2-4376-956C-A4C9644F6E49}.Debug|Any CPU.Build.0 = Debug|Any CPU
		{52F0F115-C8F2-4376-956C-A4C9644F6E49}.Release|Any CPU.ActiveCfg = Release|Any CPU
		{52F0F115-C8F2-4376-956C-A4C9644F6E49}.Release|Any CPU.Build.0 = Release|Any CPU
		{38FBECA6-8EA6-4D33-ACB4-3BDEED1D0E0D}.Debug|Any CPU.ActiveCfg = Debug|Any CPU
		{38FBECA6-8EA6-4D33-ACB4-3BDEED1D0E0D}.Debug|Any CPU.Build.0 = Debug|Any CPU
		{38FBECA6-8EA6-4D33-ACB4-3BDEED1D0E0D}.Release|Any CPU.ActiveCfg = Release|Any CPU
		{38FBECA6-8EA6-4D33-ACB4-3BDEED1D0E0D}.Release|Any CPU.Build.0 = Release|Any CPU
	EndGlobalSection
	GlobalSection(SolutionProperties) = preSolution
		HideSolutionNode = FALSE
	EndGlobalSection
	GlobalSection(ExtensibilityGlobals) = postSolution
		SolutionGuid = {458B1487-E278-4B65-A415-A5A6046B89EB}
	EndGlobalSection
EndGlobal
